// !$*UTF8*$!
{
	archiveVersion = 1;
	classes = {
	};
	objectVersion = 50;
	objects = {

/* Begin PBXBuildFile section */
		FA2FB8B721D0E703005309DB /* taskList.swift in Sources */ = {isa = PBXBuildFile; fileRef = FA2FB8B621D0E703005309DB /* taskList.swift */; };
		FA2FB8BB21D0E778005309DB /* Project.swift in Sources */ = {isa = PBXBuildFile; fileRef = FA2FB8BA21D0E778005309DB /* Project.swift */; };
		FA2FB8BD21D0EEE7005309DB /* EnterViewController.swift in Sources */ = {isa = PBXBuildFile; fileRef = FA2FB8BC21D0EEE7005309DB /* EnterViewController.swift */; };
		FA2FB8C021D0F214005309DB /* Task+CoreDataClass.swift in Sources */ = {isa = PBXBuildFile; fileRef = FA2FB8BE21D0F214005309DB /* Task+CoreDataClass.swift */; };
		FA2FB8C121D0F214005309DB /* Task+CoreDataProperties.swift in Sources */ = {isa = PBXBuildFile; fileRef = FA2FB8BF21D0F214005309DB /* Task+CoreDataProperties.swift */; };
		FA2FB8C321D10071005309DB /* Defaults.swift in Sources */ = {isa = PBXBuildFile; fileRef = FA2FB8C221D10071005309DB /* Defaults.swift */; };
		FA2FB8C521D104A3005309DB /* HandleViewController.swift in Sources */ = {isa = PBXBuildFile; fileRef = FA2FB8C421D104A3005309DB /* HandleViewController.swift */; };
		FA521CCB21E218E2004A1779 /* EnterList.swift in Sources */ = {isa = PBXBuildFile; fileRef = FA521CCA21E218E2004A1779 /* EnterList.swift */; };
		FA521CCD21E37F50004A1779 /* WaitingView.xib in Resources */ = {isa = PBXBuildFile; fileRef = FA521CCC21E37F50004A1779 /* WaitingView.xib */; };
		FA68104D21D77A9B0070FCFA /* TaskCategory.swift in Sources */ = {isa = PBXBuildFile; fileRef = FA68104C21D77A9B0070FCFA /* TaskCategory.swift */; };
		FA68106F21D8C3BE0070FCFA /* DropDownTable.swift in Sources */ = {isa = PBXBuildFile; fileRef = FA68106E21D8C3BE0070FCFA /* DropDownTable.swift */; };
		FA68107121DE29AF0070FCFA /* ResultView.swift in Sources */ = {isa = PBXBuildFile; fileRef = FA68107021DE29AF0070FCFA /* ResultView.swift */; };
		FA68107321DE41EA0070FCFA /* ResultView.xib in Resources */ = {isa = PBXBuildFile; fileRef = FA87768F21D4E51000A956C5 /* ResultView.xib */; };
		FA87768E21D4E1B300A956C5 /* Executor.xib in Resources */ = {isa = PBXBuildFile; fileRef = FA87768D21D4E1B300A956C5 /* Executor.xib */; };
		FA8D83E8217C82BD008C100A /* AppDelegate.swift in Sources */ = {isa = PBXBuildFile; fileRef = FA8D83E7217C82BD008C100A /* AppDelegate.swift */; };
		FA8D83ED217C82BD008C100A /* Main.storyboard in Resources */ = {isa = PBXBuildFile; fileRef = FA8D83EB217C82BD008C100A /* Main.storyboard */; };
		FA8D83F0217C82BD008C100A /* GTD_Project.xcdatamodeld in Sources */ = {isa = PBXBuildFile; fileRef = FA8D83EE217C82BD008C100A /* GTD_Project.xcdatamodeld */; };
		FA8D83F2217C82C1008C100A /* Assets.xcassets in Resources */ = {isa = PBXBuildFile; fileRef = FA8D83F1217C82C1008C100A /* Assets.xcassets */; };
		FA8D83F5217C82C1008C100A /* LaunchScreen.storyboard in Resources */ = {isa = PBXBuildFile; fileRef = FA8D83F3217C82C1008C100A /* LaunchScreen.storyboard */; };
		FA8D84202185DB72008C100A /* Task.swift in Sources */ = {isa = PBXBuildFile; fileRef = FA8D841F2185DB72008C100A /* Task.swift */; };
/* End PBXBuildFile section */

/* Begin PBXFileReference section */
		FA2FB8B621D0E703005309DB /* taskList.swift */ = {isa = PBXFileReference; lastKnownFileType = sourcecode.swift; path = taskList.swift; sourceTree = "<group>"; };
		FA2FB8BA21D0E778005309DB /* Project.swift */ = {isa = PBXFileReference; lastKnownFileType = sourcecode.swift; path = Project.swift; sourceTree = "<group>"; };
		FA2FB8BC21D0EEE7005309DB /* EnterViewController.swift */ = {isa = PBXFileReference; lastKnownFileType = sourcecode.swift; path = EnterViewController.swift; sourceTree = "<group>"; };
		FA2FB8BE21D0F214005309DB /* Task+CoreDataClass.swift */ = {isa = PBXFileReference; lastKnownFileType = sourcecode.swift; path = "Task+CoreDataClass.swift"; sourceTree = "<group>"; };
		FA2FB8BF21D0F214005309DB /* Task+CoreDataProperties.swift */ = {isa = PBXFileReference; lastKnownFileType = sourcecode.swift; path = "Task+CoreDataProperties.swift"; sourceTree = "<group>"; };
		FA2FB8C221D10071005309DB /* Defaults.swift */ = {isa = PBXFileReference; lastKnownFileType = sourcecode.swift; path = Defaults.swift; sourceTree = "<group>"; };
		FA2FB8C421D104A3005309DB /* HandleViewController.swift */ = {isa = PBXFileReference; lastKnownFileType = sourcecode.swift; path = HandleViewController.swift; sourceTree = "<group>"; };
		FA521CCA21E218E2004A1779 /* EnterList.swift */ = {isa = PBXFileReference; lastKnownFileType = sourcecode.swift; path = EnterList.swift; sourceTree = "<group>"; };
		FA521CCC21E37F50004A1779 /* WaitingView.xib */ = {isa = PBXFileReference; lastKnownFileType = file.xib; path = WaitingView.xib; sourceTree = "<group>"; };
		FA68104C21D77A9B0070FCFA /* TaskCategory.swift */ = {isa = PBXFileReference; lastKnownFileType = sourcecode.swift; path = TaskCategory.swift; sourceTree = "<group>"; };
		FA68106E21D8C3BE0070FCFA /* DropDownTable.swift */ = {isa = PBXFileReference; lastKnownFileType = sourcecode.swift; path = DropDownTable.swift; sourceTree = "<group>"; };
		FA68107021DE29AF0070FCFA /* ResultView.swift */ = {isa = PBXFileReference; lastKnownFileType = sourcecode.swift; path = ResultView.swift; sourceTree = "<group>"; };
		FA87768D21D4E1B300A956C5 /* Executor.xib */ = {isa = PBXFileReference; lastKnownFileType = file.xib; path = Executor.xib; sourceTree = "<group>"; };
		FA87768F21D4E51000A956C5 /* ResultView.xib */ = {isa = PBXFileReference; lastKnownFileType = file.xib; path = ResultView.xib; sourceTree = "<group>"; };
		FA87769021D4E56900A956C5 /* Period.xib */ = {isa = PBXFileReference; lastKnownFileType = file.xib; path = Period.xib; sourceTree = "<group>"; };
		FA87769121D4E58800A956C5 /* FirstAction.xib */ = {isa = PBXFileReference; lastKnownFileType = file.xib; path = FirstAction.xib; sourceTree = "<group>"; };
		FA8D83E4217C82BD008C100A /* GTD_Project.app */ = {isa = PBXFileReference; explicitFileType = wrapper.application; includeInIndex = 0; path = GTD_Project.app; sourceTree = BUILT_PRODUCTS_DIR; };
		FA8D83E7217C82BD008C100A /* AppDelegate.swift */ = {isa = PBXFileReference; lastKnownFileType = sourcecode.swift; path = AppDelegate.swift; sourceTree = "<group>"; };
		FA8D83EC217C82BD008C100A /* Base */ = {isa = PBXFileReference; lastKnownFileType = file.storyboard; name = Base; path = Base.lproj/Main.storyboard; sourceTree = "<group>"; };
		FA8D83EF217C82BD008C100A /* GTD_Project.xcdatamodel */ = {isa = PBXFileReference; lastKnownFileType = wrapper.xcdatamodel; path = GTD_Project.xcdatamodel; sourceTree = "<group>"; };
		FA8D83F1217C82C1008C100A /* Assets.xcassets */ = {isa = PBXFileReference; lastKnownFileType = folder.assetcatalog; path = Assets.xcassets; sourceTree = "<group>"; };
		FA8D83F4217C82C1008C100A /* Base */ = {isa = PBXFileReference; lastKnownFileType = file.storyboard; name = Base; path = Base.lproj/LaunchScreen.storyboard; sourceTree = "<group>"; };
		FA8D83F6217C82C1008C100A /* Info.plist */ = {isa = PBXFileReference; lastKnownFileType = text.plist.xml; path = Info.plist; sourceTree = "<group>"; };
		FA8D841F2185DB72008C100A /* Task.swift */ = {isa = PBXFileReference; lastKnownFileType = sourcecode.swift; path = Task.swift; sourceTree = "<group>"; };
/* End PBXFileReference section */

/* Begin PBXFrameworksBuildPhase section */
		FA8D83E1217C82BD008C100A /* Frameworks */ = {
			isa = PBXFrameworksBuildPhase;
			buildActionMask = 2147483647;
			files = (
			);
			runOnlyForDeploymentPostprocessing = 0;
		};
/* End PBXFrameworksBuildPhase section */

/* Begin PBXGroup section */
		FA2FB8B321D0E696005309DB /* Model */ = {
			isa = PBXGroup;
			children = (
				FA2FB8BE21D0F214005309DB /* Task+CoreDataClass.swift */,
				FA2FB8BF21D0F214005309DB /* Task+CoreDataProperties.swift */,
				FA2FB8B621D0E703005309DB /* taskList.swift */,
				FA8D841F2185DB72008C100A /* Task.swift */,
				FA68104C21D77A9B0070FCFA /* TaskCategory.swift */,
				FA2FB8BA21D0E778005309DB /* Project.swift */,
			);
			path = Model;
			sourceTree = "<group>";
		};
		FA2FB8B821D0E741005309DB /* View */ = {
			isa = PBXGroup;
			children = (
			);
			path = View;
			sourceTree = "<group>";
		};
		FA2FB8B921D0E747005309DB /* Controller */ = {
			isa = PBXGroup;
			children = (
			);
			path = Controller;
			sourceTree = "<group>";
		};
		FA521CC621E21810004A1779 /* Model */ = {
			isa = PBXGroup;
			children = (
			);
			path = Model;
			sourceTree = "<group>";
		};
		FA521CC721E21819004A1779 /* View */ = {
			isa = PBXGroup;
			children = (
				FA8D83EB217C82BD008C100A /* Main.storyboard */,
				FA8D83F3217C82C1008C100A /* LaunchScreen.storyboard */,
			);
			path = View;
			sourceTree = "<group>";
		};
		FA521CC821E2181F004A1779 /* Controller */ = {
			isa = PBXGroup;
			children = (
				FA8D83E7217C82BD008C100A /* AppDelegate.swift */,
			);
			path = Controller;
			sourceTree = "<group>";
		};
		FA521CC921E21849004A1779 /* Other */ = {
			isa = PBXGroup;
			children = (
				FA2FB8B321D0E696005309DB /* Model */,
				FA2FB8B821D0E741005309DB /* View */,
				FA2FB8B921D0E747005309DB /* Controller */,
			);
			path = Other;
			sourceTree = "<group>";
		};
		FA68104721D774170070FCFA /* EnterTasks */ = {
			isa = PBXGroup;
			children = (
				FA68104821D774370070FCFA /* Model */,
				FA68104921D7743E0070FCFA /* View */,
				FA68104A21D774450070FCFA /* Controller */,
			);
			path = EnterTasks;
			sourceTree = "<group>";
		};
		FA68104821D774370070FCFA /* Model */ = {
			isa = PBXGroup;
			children = (
				FA2FB8C221D10071005309DB /* Defaults.swift */,
				FA521CCA21E218E2004A1779 /* EnterList.swift */,
			);
			path = Model;
			sourceTree = "<group>";
		};
		FA68104921D7743E0070FCFA /* View */ = {
			isa = PBXGroup;
			children = (
			);
			path = View;
			sourceTree = "<group>";
		};
		FA68104A21D774450070FCFA /* Controller */ = {
			isa = PBXGroup;
			children = (
				FA2FB8BC21D0EEE7005309DB /* EnterViewController.swift */,
			);
			path = Controller;
			sourceTree = "<group>";
		};
		FA68104B21D774700070FCFA /* Application */ = {
			isa = PBXGroup;
			children = (
				FA521CC821E2181F004A1779 /* Controller */,
				FA521CC721E21819004A1779 /* View */,
				FA521CC621E21810004A1779 /* Model */,
			);
			path = Application;
			sourceTree = "<group>";
		};
		FA68107221DE2DCD0070FCFA /* Result */ = {
			isa = PBXGroup;
			children = (
				FA87768F21D4E51000A956C5 /* ResultView.xib */,
				FA521CCC21E37F50004A1779 /* WaitingView.xib */,
				FA68107021DE29AF0070FCFA /* ResultView.swift */,
			);
			path = Result;
			sourceTree = "<group>";
		};
		FA68107421DE46920070FCFA /* Handle */ = {
			isa = PBXGroup;
			children = (
				FA68107621DE47080070FCFA /* View */,
				FA68107521DE46F10070FCFA /* Model */,
				FA2FB8C421D104A3005309DB /* HandleViewController.swift */,
			);
			path = Handle;
			sourceTree = "<group>";
		};
		FA68107521DE46F10070FCFA /* Model */ = {
			isa = PBXGroup;
			children = (
			);
			path = Model;
			sourceTree = "<group>";
		};
		FA68107621DE47080070FCFA /* View */ = {
			isa = PBXGroup;
			children = (
				FA68106E21D8C3BE0070FCFA /* DropDownTable.swift */,
				FA68107221DE2DCD0070FCFA /* Result */,
				FA87768D21D4E1B300A956C5 /* Executor.xib */,
				FA87769121D4E58800A956C5 /* FirstAction.xib */,
				FA87769021D4E56900A956C5 /* Period.xib */,
			);
			path = View;
			sourceTree = "<group>";
		};
		FA8D83DB217C82BD008C100A = {
			isa = PBXGroup;
			children = (
				FA8D83E6217C82BD008C100A /* GTD_Project */,
				FA8D83E5217C82BD008C100A /* Products */,
			);
			sourceTree = "<group>";
		};
		FA8D83E5217C82BD008C100A /* Products */ = {
			isa = PBXGroup;
			children = (
				FA8D83E4217C82BD008C100A /* GTD_Project.app */,
			);
			name = Products;
			sourceTree = "<group>";
		};
		FA8D83E6217C82BD008C100A /* GTD_Project */ = {
			isa = PBXGroup;
			children = (
				FA521CC921E21849004A1779 /* Other */,
				FA68107421DE46920070FCFA /* Handle */,
				FA68104B21D774700070FCFA /* Application */,
				FA68104721D774170070FCFA /* EnterTasks */,
				FA8D83F1217C82C1008C100A /* Assets.xcassets */,
				FA8D83F6217C82C1008C100A /* Info.plist */,
				FA8D83EE217C82BD008C100A /* GTD_Project.xcdatamodeld */,
			);
			path = GTD_Project;
			sourceTree = "<group>";
		};
/* End PBXGroup section */

/* Begin PBXNativeTarget section */
		FA8D83E3217C82BD008C100A /* GTD_Project */ = {
			isa = PBXNativeTarget;
			buildConfigurationList = FA8D83F9217C82C1008C100A /* Build configuration list for PBXNativeTarget "GTD_Project" */;
			buildPhases = (
				FA8D83E0217C82BD008C100A /* Sources */,
				FA8D83E1217C82BD008C100A /* Frameworks */,
				FA8D83E2217C82BD008C100A /* Resources */,
			);
			buildRules = (
			);
			dependencies = (
			);
			name = GTD_Project;
			productName = GTD_Project;
			productReference = FA8D83E4217C82BD008C100A /* GTD_Project.app */;
			productType = "com.apple.product-type.application";
		};
/* End PBXNativeTarget section */

/* Begin PBXProject section */
		FA8D83DC217C82BD008C100A /* Project object */ = {
			isa = PBXProject;
			attributes = {
				LastSwiftUpdateCheck = 1000;
				LastUpgradeCheck = 1000;
				ORGANIZATIONNAME = PB;
				TargetAttributes = {
					FA8D83E3217C82BD008C100A = {
						CreatedOnToolsVersion = 10.0;
					};
				};
			};
			buildConfigurationList = FA8D83DF217C82BD008C100A /* Build configuration list for PBXProject "GTD_Project" */;
			compatibilityVersion = "Xcode 9.3";
			developmentRegion = en;
			hasScannedForEncodings = 0;
			knownRegions = (
				en,
				Base,
			);
			mainGroup = FA8D83DB217C82BD008C100A;
			productRefGroup = FA8D83E5217C82BD008C100A /* Products */;
			projectDirPath = "";
			projectRoot = "";
			targets = (
				FA8D83E3217C82BD008C100A /* GTD_Project */,
			);
		};
/* End PBXProject section */

/* Begin PBXResourcesBuildPhase section */
		FA8D83E2217C82BD008C100A /* Resources */ = {
			isa = PBXResourcesBuildPhase;
			buildActionMask = 2147483647;
			files = (
				FA68107321DE41EA0070FCFA /* ResultView.xib in Resources */,
				FA87768E21D4E1B300A956C5 /* Executor.xib in Resources */,
				FA521CCD21E37F50004A1779 /* WaitingView.xib in Resources */,
				FA8D83F5217C82C1008C100A /* LaunchScreen.storyboard in Resources */,
				FA8D83F2217C82C1008C100A /* Assets.xcassets in Resources */,
				FA8D83ED217C82BD008C100A /* Main.storyboard in Resources */,
			);
			runOnlyForDeploymentPostprocessing = 0;
		};
/* End PBXResourcesBuildPhase section */

/* Begin PBXSourcesBuildPhase section */
		FA8D83E0217C82BD008C100A /* Sources */ = {
			isa = PBXSourcesBuildPhase;
			buildActionMask = 2147483647;
			files = (
				FA521CCB21E218E2004A1779 /* EnterList.swift in Sources */,
				FA2FB8C521D104A3005309DB /* HandleViewController.swift in Sources */,
				FA2FB8C321D10071005309DB /* Defaults.swift in Sources */,
				FA68104D21D77A9B0070FCFA /* TaskCategory.swift in Sources */,
				FA2FB8B721D0E703005309DB /* taskList.swift in Sources */,
				FA68106F21D8C3BE0070FCFA /* DropDownTable.swift in Sources */,
				FA68107121DE29AF0070FCFA /* ResultView.swift in Sources */,
				FA8D83E8217C82BD008C100A /* AppDelegate.swift in Sources */,
				FA2FB8C021D0F214005309DB /* Task+CoreDataClass.swift in Sources */,
				FA8D83F0217C82BD008C100A /* GTD_Project.xcdatamodeld in Sources */,
				FA2FB8BB21D0E778005309DB /* Project.swift in Sources */,
				FA8D84202185DB72008C100A /* Task.swift in Sources */,
				FA2FB8C121D0F214005309DB /* Task+CoreDataProperties.swift in Sources */,
				FA2FB8BD21D0EEE7005309DB /* EnterViewController.swift in Sources */,
			);
			runOnlyForDeploymentPostprocessing = 0;
		};
/* End PBXSourcesBuildPhase section */

/* Begin PBXVariantGroup section */
		FA8D83EB217C82BD008C100A /* Main.storyboard */ = {
			isa = PBXVariantGroup;
			children = (
				FA8D83EC217C82BD008C100A /* Base */,
			);
			name = Main.storyboard;
			sourceTree = "<group>";
		};
		FA8D83F3217C82C1008C100A /* LaunchScreen.storyboard */ = {
			isa = PBXVariantGroup;
			children = (
				FA8D83F4217C82C1008C100A /* Base */,
			);
			name = LaunchScreen.storyboard;
			sourceTree = "<group>";
		};
/* End PBXVariantGroup section */

/* Begin XCBuildConfiguration section */
		FA8D83F7217C82C1008C100A /* Debug */ = {
			isa = XCBuildConfiguration;
			buildSettings = {
				ALWAYS_SEARCH_USER_PATHS = NO;
				CLANG_ANALYZER_NONNULL = YES;
				CLANG_ANALYZER_NUMBER_OBJECT_CONVERSION = YES_AGGRESSIVE;
				CLANG_CXX_LANGUAGE_STANDARD = "gnu++14";
				CLANG_CXX_LIBRARY = "libc++";
				CLANG_ENABLE_MODULES = YES;
				CLANG_ENABLE_OBJC_ARC = YES;
				CLANG_ENABLE_OBJC_WEAK = YES;
				CLANG_WARN_BLOCK_CAPTURE_AUTORELEASING = YES;
				CLANG_WARN_BOOL_CONVERSION = YES;
				CLANG_WARN_COMMA = YES;
				CLANG_WARN_CONSTANT_CONVERSION = YES;
				CLANG_WARN_DEPRECATED_OBJC_IMPLEMENTATIONS = YES;
				CLANG_WARN_DIRECT_OBJC_ISA_USAGE = YES_ERROR;
				CLANG_WARN_DOCUMENTATION_COMMENTS = YES;
				CLANG_WARN_EMPTY_BODY = YES;
				CLANG_WARN_ENUM_CONVERSION = YES;
				CLANG_WARN_INFINITE_RECURSION = YES;
				CLANG_WARN_INT_CONVERSION = YES;
				CLANG_WARN_NON_LITERAL_NULL_CONVERSION = YES;
				CLANG_WARN_OBJC_IMPLICIT_RETAIN_SELF = YES;
				CLANG_WARN_OBJC_LITERAL_CONVERSION = YES;
				CLANG_WARN_OBJC_ROOT_CLASS = YES_ERROR;
				CLANG_WARN_RANGE_LOOP_ANALYSIS = YES;
				CLANG_WARN_STRICT_PROTOTYPES = YES;
				CLANG_WARN_SUSPICIOUS_MOVE = YES;
				CLANG_WARN_UNGUARDED_AVAILABILITY = YES_AGGRESSIVE;
				CLANG_WARN_UNREACHABLE_CODE = YES;
				CLANG_WARN__DUPLICATE_METHOD_MATCH = YES;
				CODE_SIGN_IDENTITY = "iPhone Developer";
				COPY_PHASE_STRIP = NO;
				DEBUG_INFORMATION_FORMAT = dwarf;
				ENABLE_STRICT_OBJC_MSGSEND = YES;
				ENABLE_TESTABILITY = YES;
				GCC_C_LANGUAGE_STANDARD = gnu11;
				GCC_DYNAMIC_NO_PIC = NO;
				GCC_NO_COMMON_BLOCKS = YES;
				GCC_OPTIMIZATION_LEVEL = 0;
				GCC_PREPROCESSOR_DEFINITIONS = (
					"DEBUG=1",
					"$(inherited)",
				);
				GCC_WARN_64_TO_32_BIT_CONVERSION = YES;
				GCC_WARN_ABOUT_RETURN_TYPE = YES_ERROR;
				GCC_WARN_UNDECLARED_SELECTOR = YES;
				GCC_WARN_UNINITIALIZED_AUTOS = YES_AGGRESSIVE;
				GCC_WARN_UNUSED_FUNCTION = YES;
				GCC_WARN_UNUSED_VARIABLE = YES;
				IPHONEOS_DEPLOYMENT_TARGET = 12.0;
				MTL_ENABLE_DEBUG_INFO = INCLUDE_SOURCE;
				MTL_FAST_MATH = YES;
				ONLY_ACTIVE_ARCH = YES;
				SDKROOT = iphoneos;
				SWIFT_ACTIVE_COMPILATION_CONDITIONS = DEBUG;
				SWIFT_OPTIMIZATION_LEVEL = "-Onone";
			};
			name = Debug;
		};
		FA8D83F8217C82C1008C100A /* Release */ = {
			isa = XCBuildConfiguration;
			buildSettings = {
				ALWAYS_SEARCH_USER_PATHS = NO;
				CLANG_ANALYZER_NONNULL = YES;
				CLANG_ANALYZER_NUMBER_OBJECT_CONVERSION = YES_AGGRESSIVE;
				CLANG_CXX_LANGUAGE_STANDARD = "gnu++14";
				CLANG_CXX_LIBRARY = "libc++";
				CLANG_ENABLE_MODULES = YES;
				CLANG_ENABLE_OBJC_ARC = YES;
				CLANG_ENABLE_OBJC_WEAK = YES;
				CLANG_WARN_BLOCK_CAPTURE_AUTORELEASING = YES;
				CLANG_WARN_BOOL_CONVERSION = YES;
				CLANG_WARN_COMMA = YES;
				CLANG_WARN_CONSTANT_CONVERSION = YES;
				CLANG_WARN_DEPRECATED_OBJC_IMPLEMENTATIONS = YES;
				CLANG_WARN_DIRECT_OBJC_ISA_USAGE = YES_ERROR;
				CLANG_WARN_DOCUMENTATION_COMMENTS = YES;
				CLANG_WARN_EMPTY_BODY = YES;
				CLANG_WARN_ENUM_CONVERSION = YES;
				CLANG_WARN_INFINITE_RECURSION = YES;
				CLANG_WARN_INT_CONVERSION = YES;
				CLANG_WARN_NON_LITERAL_NULL_CONVERSION = YES;
				CLANG_WARN_OBJC_IMPLICIT_RETAIN_SELF = YES;
				CLANG_WARN_OBJC_LITERAL_CONVERSION = YES;
				CLANG_WARN_OBJC_ROOT_CLASS = YES_ERROR;
				CLANG_WARN_RANGE_LOOP_ANALYSIS = YES;
				CLANG_WARN_STRICT_PROTOTYPES = YES;
				CLANG_WARN_SUSPICIOUS_MOVE = YES;
				CLANG_WARN_UNGUARDED_AVAILABILITY = YES_AGGRESSIVE;
				CLANG_WARN_UNREACHABLE_CODE = YES;
				CLANG_WARN__DUPLICATE_METHOD_MATCH = YES;
				CODE_SIGN_IDENTITY = "iPhone Developer";
				COPY_PHASE_STRIP = NO;
				DEBUG_INFORMATION_FORMAT = "dwarf-with-dsym";
				ENABLE_NS_ASSERTIONS = NO;
				ENABLE_STRICT_OBJC_MSGSEND = YES;
				GCC_C_LANGUAGE_STANDARD = gnu11;
				GCC_NO_COMMON_BLOCKS = YES;
				GCC_WARN_64_TO_32_BIT_CONVERSION = YES;
				GCC_WARN_ABOUT_RETURN_TYPE = YES_ERROR;
				GCC_WARN_UNDECLARED_SELECTOR = YES;
				GCC_WARN_UNINITIALIZED_AUTOS = YES_AGGRESSIVE;
				GCC_WARN_UNUSED_FUNCTION = YES;
				GCC_WARN_UNUSED_VARIABLE = YES;
				IPHONEOS_DEPLOYMENT_TARGET = 12.0;
				MTL_ENABLE_DEBUG_INFO = NO;
				MTL_FAST_MATH = YES;
				SDKROOT = iphoneos;
				SWIFT_COMPILATION_MODE = wholemodule;
				SWIFT_OPTIMIZATION_LEVEL = "-O";
				VALIDATE_PRODUCT = YES;
			};
			name = Release;
		};
		FA8D83FA217C82C1008C100A /* Debug */ = {
			isa = XCBuildConfiguration;
			buildSettings = {
				ASSETCATALOG_COMPILER_APPICON_NAME = AppIcon;
				CODE_SIGN_STYLE = Automatic;
				DEVELOPMENT_TEAM = 282C63C7MJ;
				INFOPLIST_FILE = GTD_Project/Info.plist;
				LD_RUNPATH_SEARCH_PATHS = (
					"$(inherited)",
					"@executable_path/Frameworks",
				);
				PRODUCT_BUNDLE_IDENTIFIER = "apptest.GTD-Project";
				PRODUCT_NAME = "$(TARGET_NAME)";
				SWIFT_VERSION = 4.2;
				TARGETED_DEVICE_FAMILY = "1,2";
			};
			name = Debug;
		};
		FA8D83FB217C82C1008C100A /* Release */ = {
			isa = XCBuildConfiguration;
			buildSettings = {
				ASSETCATALOG_COMPILER_APPICON_NAME = AppIcon;
				CODE_SIGN_STYLE = Automatic;
				DEVELOPMENT_TEAM = 282C63C7MJ;
				INFOPLIST_FILE = GTD_Project/Info.plist;
				LD_RUNPATH_SEARCH_PATHS = (
					"$(inherited)",
					"@executable_path/Frameworks",
				);
				PRODUCT_BUNDLE_IDENTIFIER = "apptest.GTD-Project";
				PRODUCT_NAME = "$(TARGET_NAME)";
				SWIFT_VERSION = 4.2;
				TARGETED_DEVICE_FAMILY = "1,2";
			};
			name = Release;
		};
/* End XCBuildConfiguration section */

/* Begin XCConfigurationList section */
		FA8D83DF217C82BD008C100A /* Build configuration list for PBXProject "GTD_Project" */ = {
			isa = XCConfigurationList;
			buildConfigurations = (
				FA8D83F7217C82C1008C100A /* Debug */,
				FA8D83F8217C82C1008C100A /* Release */,
			);
			defaultConfigurationIsVisible = 0;
			defaultConfigurationName = Release;
		};
		FA8D83F9217C82C1008C100A /* Build configuration list for PBXNativeTarget "GTD_Project" */ = {
			isa = XCConfigurationList;
			buildConfigurations = (
				FA8D83FA217C82C1008C100A /* Debug */,
				FA8D83FB217C82C1008C100A /* Release */,
			);
			defaultConfigurationIsVisible = 0;
			defaultConfigurationName = Release;
		};
/* End XCConfigurationList section */

/* Begin XCVersionGroup section */
		FA8D83EE217C82BD008C100A /* GTD_Project.xcdatamodeld */ = {
			isa = XCVersionGroup;
			children = (
				FA8D83EF217C82BD008C100A /* GTD_Project.xcdatamodel */,
			);
			currentVersion = FA8D83EF217C82BD008C100A /* GTD_Project.xcdatamodel */;
			path = GTD_Project.xcdatamodeld;
			sourceTree = "<group>";
			versionGroupType = wrapper.xcdatamodel;
		};
/* End XCVersionGroup section */
	};
	rootObject = FA8D83DC217C82BD008C100A /* Project object */;
}
